
Microsoft Visual Studio Solution File, Format Version 12.00
# Visual Studio Version 17
VisualStudioVersion = 17.8.34511.84
MinimumVisualStudioVersion = 10.0.40219.1
Project("{9A19103F-16F7-4668-BE54-9A1E7A4F7556}") = "Calculator", "Calculator\Calculator.csproj", "{90817859-7F49-4910-A549-CFAE05348C73}"
EndProject
Project("{9A19103F-16F7-4668-BE54-9A1E7A4F7556}") = "CalculatorTests", "CalculatorTests\CalculatorTests.csproj", "{4D33B888-9195-4523-83B1-4086AA8EFC6E}"
EndProject
Global
	GlobalSection(SolutionConfigurationPlatforms) = preSolution
		Debug|Any CPU = Debug|Any CPU
		Release|Any CPU = Release|Any CPU
	EndGlobalSection
	GlobalSection(ProjectConfigurationPlatforms) = postSolution
		{90817859-7F49-4910-A549-CFAE05348C73}.Debug|Any CPU.ActiveCfg = Debug|Any CPU
		{90817859-7F49-4910-A549-CFAE05348C73}.Debug|Any CPU.Build.0 = Debug|Any CPU
		{90817859-7F49-4910-A549-CFAE05348C73}.Release|Any CPU.ActiveCfg = Release|Any CPU
		{90817859-7F49-4910-A549-CFAE05348C73}.Release|Any CPU.Build.0 = Release|Any CPU
		{4D33B888-9195-4523-83B1-4086AA8EFC6E}.Debug|Any CPU.ActiveCfg = Debug|Any CPU
		{4D33B888-9195-4523-83B1-4086AA8EFC6E}.Debug|Any CPU.Build.0 = Debug|Any CPU
		{4D33B888-9195-4523-83B1-4086AA8EFC6E}.Release|Any CPU.ActiveCfg = Release|Any CPU
		{4D33B888-9195-4523-83B1-4086AA8EFC6E}.Release|Any CPU.Build.0 = Release|Any CPU
	EndGlobalSection
	GlobalSection(SolutionProperties) = preSolution
		HideSolutionNode = FALSE
	EndGlobalSection
	GlobalSection(ExtensibilityGlobals) = postSolution
		SolutionGuid = {49EE4ABB-8785-4BD1-9193-6905599B383A}
	EndGlobalSection
EndGlobal
