
Microsoft Visual Studio Solution File, Format Version 12.00
# Visual Studio Version 17
VisualStudioVersion = 17.8.34511.84
MinimumVisualStudioVersion = 10.0.40219.1
Project("{FAE04EC0-301F-11D3-BF4B-00C04F79EFBC}") = "Cacluclator", "Cacluclator.csproj", "{A1617882-1071-4BD0-865C-9E1E3AB6D0EC}"
EndProject
Project("{FAE04EC0-301F-11D3-BF4B-00C04F79EFBC}") = "Calculator.UnitTests", "..\Calculator.UnitTests\Calculator.UnitTests.csproj", "{641FF4BA-8978-4D4E-82D0-BF3F8E31C60E}"
	ProjectSection(ProjectDependencies) = postProject
		{A1617882-1071-4BD0-865C-9E1E3AB6D0EC} = {A1617882-1071-4BD0-865C-9E1E3AB6D0EC}
	EndProjectSection
EndProject
Global
	GlobalSection(SolutionConfigurationPlatforms) = preSolution
		Debug|Any CPU = Debug|Any CPU
		Release|Any CPU = Release|Any CPU
	EndGlobalSection
	GlobalSection(ProjectConfigurationPlatforms) = postSolution
		{A1617882-1071-4BD0-865C-9E1E3AB6D0EC}.Debug|Any CPU.ActiveCfg = Debug|Any CPU
		{A1617882-1071-4BD0-865C-9E1E3AB6D0EC}.Debug|Any CPU.Build.0 = Debug|Any CPU
		{A1617882-1071-4BD0-865C-9E1E3AB6D0EC}.Release|Any CPU.ActiveCfg = Release|Any CPU
		{A1617882-1071-4BD0-865C-9E1E3AB6D0EC}.Release|Any CPU.Build.0 = Release|Any CPU
		{641FF4BA-8978-4D4E-82D0-BF3F8E31C60E}.Debug|Any CPU.ActiveCfg = Debug|Any CPU
		{641FF4BA-8978-4D4E-82D0-BF3F8E31C60E}.Debug|Any CPU.Build.0 = Debug|Any CPU
		{641FF4BA-8978-4D4E-82D0-BF3F8E31C60E}.Release|Any CPU.ActiveCfg = Release|Any CPU
		{641FF4BA-8978-4D4E-82D0-BF3F8E31C60E}.Release|Any CPU.Build.0 = Release|Any CPU
	EndGlobalSection
	GlobalSection(SolutionProperties) = preSolution
		HideSolutionNode = FALSE
	EndGlobalSection
	GlobalSection(ExtensibilityGlobals) = postSolution
		SolutionGuid = {D26E0111-C914-42E6-98D8-E12B3E612440}
	EndGlobalSection
EndGlobal
